// !$*UTF8*$!
{
	archiveVersion = 1;
	classes = {
	};
	objectVersion = 51;
	objects = {

/* Begin PBXBuildFile section */
		4B0D7A140C9D6C13C302EB87 /* Pods_MECA.framework in Frameworks */ = {isa = PBXBuildFile; fileRef = 3D61B7ED3E7640341B905810 /* Pods_MECA.framework */; };
		611821E4844831EC29E202AB /* Pods_MECA_MECAUITests.framework in Frameworks */ = {isa = PBXBuildFile; fileRef = 43CD30254567C339D5B7A431 /* Pods_MECA_MECAUITests.framework */; };
		E3045C322603C4BF00D1A678 /* Home.storyboard in Resources */ = {isa = PBXBuildFile; fileRef = E3045C312603C4BF00D1A678 /* Home.storyboard */; };
		E3045C3D2603C95E00D1A678 /* FooterTabView.swift in Sources */ = {isa = PBXBuildFile; fileRef = E3045C3C2603C95E00D1A678 /* FooterTabView.swift */; };
		E3045C422603C96C00D1A678 /* FooterTabView.xib in Resources */ = {isa = PBXBuildFile; fileRef = E3045C412603C96C00D1A678 /* FooterTabView.xib */; };
		E3045C712603D87A00D1A678 /* HomeTVCell.swift in Sources */ = {isa = PBXBuildFile; fileRef = E3045C6F2603D87A00D1A678 /* HomeTVCell.swift */; };
		E3045C722603D87A00D1A678 /* HomeTVCell.xib in Resources */ = {isa = PBXBuildFile; fileRef = E3045C702603D87A00D1A678 /* HomeTVCell.xib */; };
		E3045C7A2603DD7E00D1A678 /* HomeVC.swift in Sources */ = {isa = PBXBuildFile; fileRef = E3045C792603DD7E00D1A678 /* HomeVC.swift */; };
		E30F661926033A970036D183 /* AppDelegate.swift in Sources */ = {isa = PBXBuildFile; fileRef = E30F661826033A970036D183 /* AppDelegate.swift */; };
		E30F661D26033A970036D183 /* ViewController.swift in Sources */ = {isa = PBXBuildFile; fileRef = E30F661C26033A970036D183 /* ViewController.swift */; };
		E30F662026033A970036D183 /* Main.storyboard in Resources */ = {isa = PBXBuildFile; fileRef = E30F661E26033A970036D183 /* Main.storyboard */; };
		E30F662226033A970036D183 /* Assets.xcassets in Resources */ = {isa = PBXBuildFile; fileRef = E30F662126033A970036D183 /* Assets.xcassets */; };
		E30F662526033A970036D183 /* LaunchScreen.storyboard in Resources */ = {isa = PBXBuildFile; fileRef = E30F662326033A970036D183 /* LaunchScreen.storyboard */; };
		E30F663026033A970036D183 /* MECATests.swift in Sources */ = {isa = PBXBuildFile; fileRef = E30F662F26033A970036D183 /* MECATests.swift */; };
		E30F663B26033A970036D183 /* MECAUITests.swift in Sources */ = {isa = PBXBuildFile; fileRef = E30F663A26033A970036D183 /* MECAUITests.swift */; };
		E3D7D0E526035CF8001EEE65 /* RCustomClass.swift in Sources */ = {isa = PBXBuildFile; fileRef = E3D7D0E426035CF8001EEE65 /* RCustomClass.swift */; };
		F6B3B5C51F2B9AF006B9A25E /* Pods_MECATests.framework in Frameworks */ = {isa = PBXBuildFile; fileRef = D349929F1D641DA57D095FFC /* Pods_MECATests.framework */; };
/* End PBXBuildFile section */

/* Begin PBXContainerItemProxy section */
		E30F662C26033A970036D183 /* PBXContainerItemProxy */ = {
			isa = PBXContainerItemProxy;
			containerPortal = E30F660D26033A970036D183 /* Project object */;
			proxyType = 1;
			remoteGlobalIDString = E30F661426033A970036D183;
			remoteInfo = MECA;
		};
		E30F663726033A970036D183 /* PBXContainerItemProxy */ = {
			isa = PBXContainerItemProxy;
			containerPortal = E30F660D26033A970036D183 /* Project object */;
			proxyType = 1;
			remoteGlobalIDString = E30F661426033A970036D183;
			remoteInfo = MECA;
		};
/* End PBXContainerItemProxy section */

/* Begin PBXFileReference section */
		3C544A2E17F0C21D6504ABFF /* Pods-MECATests.release.xcconfig */ = {isa = PBXFileReference; includeInIndex = 1; lastKnownFileType = text.xcconfig; name = "Pods-MECATests.release.xcconfig"; path = "Target Support Files/Pods-MECATests/Pods-MECATests.release.xcconfig"; sourceTree = "<group>"; };
		3D61B7ED3E7640341B905810 /* Pods_MECA.framework */ = {isa = PBXFileReference; explicitFileType = wrapper.framework; includeInIndex = 0; path = Pods_MECA.framework; sourceTree = BUILT_PRODUCTS_DIR; };
		43CD30254567C339D5B7A431 /* Pods_MECA_MECAUITests.framework */ = {isa = PBXFileReference; explicitFileType = wrapper.framework; includeInIndex = 0; path = Pods_MECA_MECAUITests.framework; sourceTree = BUILT_PRODUCTS_DIR; };
		7FE522E2E6FF1631AE49AED2 /* Pods-MECA.debug.xcconfig */ = {isa = PBXFileReference; includeInIndex = 1; lastKnownFileType = text.xcconfig; name = "Pods-MECA.debug.xcconfig"; path = "Target Support Files/Pods-MECA/Pods-MECA.debug.xcconfig"; sourceTree = "<group>"; };
		895ECCCD3FF854C12B9CCDEF /* Pods-MECA-MECAUITests.release.xcconfig */ = {isa = PBXFileReference; includeInIndex = 1; lastKnownFileType = text.xcconfig; name = "Pods-MECA-MECAUITests.release.xcconfig"; path = "Target Support Files/Pods-MECA-MECAUITests/Pods-MECA-MECAUITests.release.xcconfig"; sourceTree = "<group>"; };
		A44EBEB2A27DD029F82D69E3 /* Pods-MECATests.debug.xcconfig */ = {isa = PBXFileReference; includeInIndex = 1; lastKnownFileType = text.xcconfig; name = "Pods-MECATests.debug.xcconfig"; path = "Target Support Files/Pods-MECATests/Pods-MECATests.debug.xcconfig"; sourceTree = "<group>"; };
		D349929F1D641DA57D095FFC /* Pods_MECATests.framework */ = {isa = PBXFileReference; explicitFileType = wrapper.framework; includeInIndex = 0; path = Pods_MECATests.framework; sourceTree = BUILT_PRODUCTS_DIR; };
		D700C3D0B650360B031EF7A4 /* Pods-MECA.release.xcconfig */ = {isa = PBXFileReference; includeInIndex = 1; lastKnownFileType = text.xcconfig; name = "Pods-MECA.release.xcconfig"; path = "Target Support Files/Pods-MECA/Pods-MECA.release.xcconfig"; sourceTree = "<group>"; };
		E3045C312603C4BF00D1A678 /* Home.storyboard */ = {isa = PBXFileReference; lastKnownFileType = file.storyboard; path = Home.storyboard; sourceTree = "<group>"; };
		E3045C3C2603C95E00D1A678 /* FooterTabView.swift */ = {isa = PBXFileReference; lastKnownFileType = sourcecode.swift; path = FooterTabView.swift; sourceTree = "<group>"; };
		E3045C412603C96C00D1A678 /* FooterTabView.xib */ = {isa = PBXFileReference; lastKnownFileType = file.xib; path = FooterTabView.xib; sourceTree = "<group>"; };
		E3045C6F2603D87A00D1A678 /* HomeTVCell.swift */ = {isa = PBXFileReference; lastKnownFileType = sourcecode.swift; path = HomeTVCell.swift; sourceTree = "<group>"; };
		E3045C702603D87A00D1A678 /* HomeTVCell.xib */ = {isa = PBXFileReference; lastKnownFileType = file.xib; path = HomeTVCell.xib; sourceTree = "<group>"; };
		E3045C792603DD7E00D1A678 /* HomeVC.swift */ = {isa = PBXFileReference; lastKnownFileType = sourcecode.swift; path = HomeVC.swift; sourceTree = "<group>"; };
		E30F661526033A970036D183 /* MECA.app */ = {isa = PBXFileReference; explicitFileType = wrapper.application; includeInIndex = 0; path = MECA.app; sourceTree = BUILT_PRODUCTS_DIR; };
		E30F661826033A970036D183 /* AppDelegate.swift */ = {isa = PBXFileReference; lastKnownFileType = sourcecode.swift; path = AppDelegate.swift; sourceTree = "<group>"; };
		E30F661C26033A970036D183 /* ViewController.swift */ = {isa = PBXFileReference; lastKnownFileType = sourcecode.swift; path = ViewController.swift; sourceTree = "<group>"; };
		E30F661F26033A970036D183 /* Base */ = {isa = PBXFileReference; lastKnownFileType = file.storyboard; name = Base; path = Base.lproj/Main.storyboard; sourceTree = "<group>"; };
		E30F662126033A970036D183 /* Assets.xcassets */ = {isa = PBXFileReference; lastKnownFileType = folder.assetcatalog; path = Assets.xcassets; sourceTree = "<group>"; };
		E30F662426033A970036D183 /* Base */ = {isa = PBXFileReference; lastKnownFileType = file.storyboard; name = Base; path = Base.lproj/LaunchScreen.storyboard; sourceTree = "<group>"; };
		E30F662626033A970036D183 /* Info.plist */ = {isa = PBXFileReference; lastKnownFileType = text.plist.xml; path = Info.plist; sourceTree = "<group>"; };
		E30F662B26033A970036D183 /* MECATests.xctest */ = {isa = PBXFileReference; explicitFileType = wrapper.cfbundle; includeInIndex = 0; path = MECATests.xctest; sourceTree = BUILT_PRODUCTS_DIR; };
		E30F662F26033A970036D183 /* MECATests.swift */ = {isa = PBXFileReference; lastKnownFileType = sourcecode.swift; path = MECATests.swift; sourceTree = "<group>"; };
		E30F663126033A970036D183 /* Info.plist */ = {isa = PBXFileReference; lastKnownFileType = text.plist.xml; path = Info.plist; sourceTree = "<group>"; };
		E30F663626033A970036D183 /* MECAUITests.xctest */ = {isa = PBXFileReference; explicitFileType = wrapper.cfbundle; includeInIndex = 0; path = MECAUITests.xctest; sourceTree = BUILT_PRODUCTS_DIR; };
		E30F663A26033A970036D183 /* MECAUITests.swift */ = {isa = PBXFileReference; lastKnownFileType = sourcecode.swift; path = MECAUITests.swift; sourceTree = "<group>"; };
		E30F663C26033A970036D183 /* Info.plist */ = {isa = PBXFileReference; lastKnownFileType = text.plist.xml; path = Info.plist; sourceTree = "<group>"; };
		E3D7D08A260354E5001EEE65 /* SF-Pro-Text-Light.otf */ = {isa = PBXFileReference; lastKnownFileType = file; path = "SF-Pro-Text-Light.otf"; sourceTree = "<group>"; };
		E3D7D08B260354E5001EEE65 /* SF-Pro-Display-Thin.otf */ = {isa = PBXFileReference; lastKnownFileType = file; path = "SF-Pro-Display-Thin.otf"; sourceTree = "<group>"; };
		E3D7D08C260354E5001EEE65 /* SF-Pro-Display-Heavy.otf */ = {isa = PBXFileReference; lastKnownFileType = file; path = "SF-Pro-Display-Heavy.otf"; sourceTree = "<group>"; };
		E3D7D08D260354E5001EEE65 /* SF-Pro-Italic.ttf */ = {isa = PBXFileReference; lastKnownFileType = file; path = "SF-Pro-Italic.ttf"; sourceTree = "<group>"; };
		E3D7D08E260354E5001EEE65 /* SF-Pro-Text-HeavyItalic.otf */ = {isa = PBXFileReference; lastKnownFileType = file; path = "SF-Pro-Text-HeavyItalic.otf"; sourceTree = "<group>"; };
		E3D7D08F260354E6001EEE65 /* SF-Pro-Rounded-Bold.otf */ = {isa = PBXFileReference; lastKnownFileType = file; path = "SF-Pro-Rounded-Bold.otf"; sourceTree = "<group>"; };
		E3D7D090260354E6001EEE65 /* SF-Pro-Display-Bold.otf */ = {isa = PBXFileReference; lastKnownFileType = file; path = "SF-Pro-Display-Bold.otf"; sourceTree = "<group>"; };
		E3D7D091260354E6001EEE65 /* SF-Pro-Rounded-Medium.otf */ = {isa = PBXFileReference; lastKnownFileType = file; path = "SF-Pro-Rounded-Medium.otf"; sourceTree = "<group>"; };
		E3D7D092260354E6001EEE65 /* SF-Pro-Display-UltralightItalic.otf */ = {isa = PBXFileReference; lastKnownFileType = file; path = "SF-Pro-Display-UltralightItalic.otf"; sourceTree = "<group>"; };
		E3D7D093260354E6001EEE65 /* SF-Pro-Display-LightItalic.otf */ = {isa = PBXFileReference; lastKnownFileType = file; path = "SF-Pro-Display-LightItalic.otf"; sourceTree = "<group>"; };
		E3D7D094260354E6001EEE65 /* SF-Pro-Rounded-Black.otf */ = {isa = PBXFileReference; lastKnownFileType = file; path = "SF-Pro-Rounded-Black.otf"; sourceTree = "<group>"; };
		E3D7D095260354E6001EEE65 /* SF-Pro-Rounded-Semibold.otf */ = {isa = PBXFileReference; lastKnownFileType = file; path = "SF-Pro-Rounded-Semibold.otf"; sourceTree = "<group>"; };
		E3D7D096260354E6001EEE65 /* SF-Pro-Display-ThinItalic.otf */ = {isa = PBXFileReference; lastKnownFileType = file; path = "SF-Pro-Display-ThinItalic.otf"; sourceTree = "<group>"; };
		E3D7D097260354E6001EEE65 /* SF-Pro-Display-BoldItalic.otf */ = {isa = PBXFileReference; lastKnownFileType = file; path = "SF-Pro-Display-BoldItalic.otf"; sourceTree = "<group>"; };
		E3D7D098260354E6001EEE65 /* SF-Pro-Display-Semibold.otf */ = {isa = PBXFileReference; lastKnownFileType = file; path = "SF-Pro-Display-Semibold.otf"; sourceTree = "<group>"; };
		E3D7D099260354E6001EEE65 /* SF-Pro-Rounded-Regular.otf */ = {isa = PBXFileReference; lastKnownFileType = file; path = "SF-Pro-Rounded-Regular.otf"; sourceTree = "<group>"; };
		E3D7D09A260354E6001EEE65 /* SF-Pro-Display-BlackItalic.otf */ = {isa = PBXFileReference; lastKnownFileType = file; path = "SF-Pro-Display-BlackItalic.otf"; sourceTree = "<group>"; };
		E3D7D09B260354E7001EEE65 /* SF-Pro-Text-Black.otf */ = {isa = PBXFileReference; lastKnownFileType = file; path = "SF-Pro-Text-Black.otf"; sourceTree = "<group>"; };
		E3D7D09C260354E7001EEE65 /* SF-Pro-Text-MediumItalic.otf */ = {isa = PBXFileReference; lastKnownFileType = file; path = "SF-Pro-Text-MediumItalic.otf"; sourceTree = "<group>"; };
		E3D7D09D260354E7001EEE65 /* SF-Pro-Text-RegularItalic.otf */ = {isa = PBXFileReference; lastKnownFileType = file; path = "SF-Pro-Text-RegularItalic.otf"; sourceTree = "<group>"; };
		E3D7D09E260354E7001EEE65 /* SF-Pro-Text-Semibold.otf */ = {isa = PBXFileReference; lastKnownFileType = file; path = "SF-Pro-Text-Semibold.otf"; sourceTree = "<group>"; };
		E3D7D09F260354E7001EEE65 /* SF-Pro-Text-ThinItalic.otf */ = {isa = PBXFileReference; lastKnownFileType = file; path = "SF-Pro-Text-ThinItalic.otf"; sourceTree = "<group>"; };
		E3D7D0A0260354E7001EEE65 /* SF-Pro.ttf */ = {isa = PBXFileReference; lastKnownFileType = file; path = "SF-Pro.ttf"; sourceTree = "<group>"; };
		E3D7D0A1260354E7001EEE65 /* SF-Pro-Text-Regular.otf */ = {isa = PBXFileReference; lastKnownFileType = file; path = "SF-Pro-Text-Regular.otf"; sourceTree = "<group>"; };
		E3D7D0A2260354E7001EEE65 /* SF-Pro-Text-Heavy.otf */ = {isa = PBXFileReference; lastKnownFileType = file; path = "SF-Pro-Text-Heavy.otf"; sourceTree = "<group>"; };
		E3D7D0A3260354E7001EEE65 /* SF-Pro-Display-Ultralight.otf */ = {isa = PBXFileReference; lastKnownFileType = file; path = "SF-Pro-Display-Ultralight.otf"; sourceTree = "<group>"; };
		E3D7D0A4260354E7001EEE65 /* SF-Pro-Text-Thin.otf */ = {isa = PBXFileReference; lastKnownFileType = file; path = "SF-Pro-Text-Thin.otf"; sourceTree = "<group>"; };
		E3D7D0A5260354E7001EEE65 /* SF-Pro-Display-MediumItalic.otf */ = {isa = PBXFileReference; lastKnownFileType = file; path = "SF-Pro-Display-MediumItalic.otf"; sourceTree = "<group>"; };
		E3D7D0A6260354E7001EEE65 /* SF-Pro-Rounded-Light.otf */ = {isa = PBXFileReference; lastKnownFileType = file; path = "SF-Pro-Rounded-Light.otf"; sourceTree = "<group>"; };
		E3D7D0A7260354E7001EEE65 /* SF-Pro-Text-SemiboldItalic.otf */ = {isa = PBXFileReference; lastKnownFileType = file; path = "SF-Pro-Text-SemiboldItalic.otf"; sourceTree = "<group>"; };
		E3D7D0A8260354E8001EEE65 /* SF-Pro-Display-Medium.otf */ = {isa = PBXFileReference; lastKnownFileType = file; path = "SF-Pro-Display-Medium.otf"; sourceTree = "<group>"; };
		E3D7D0A9260354E8001EEE65 /* SF-Pro-Rounded-Thin.otf */ = {isa = PBXFileReference; lastKnownFileType = file; path = "SF-Pro-Rounded-Thin.otf"; sourceTree = "<group>"; };
		E3D7D0AA260354E8001EEE65 /* SF-Pro-Display-HeavyItalic.otf */ = {isa = PBXFileReference; lastKnownFileType = file; path = "SF-Pro-Display-HeavyItalic.otf"; sourceTree = "<group>"; };
		E3D7D0AB260354E8001EEE65 /* SF-Pro-Rounded-Ultralight.otf */ = {isa = PBXFileReference; lastKnownFileType = file; path = "SF-Pro-Rounded-Ultralight.otf"; sourceTree = "<group>"; };
		E3D7D0AC260354E8001EEE65 /* SF-Pro-Text-BlackItalic.otf */ = {isa = PBXFileReference; lastKnownFileType = file; path = "SF-Pro-Text-BlackItalic.otf"; sourceTree = "<group>"; };
		E3D7D0AD260354E8001EEE65 /* SF-Pro-Text-LightItalic.otf */ = {isa = PBXFileReference; lastKnownFileType = file; path = "SF-Pro-Text-LightItalic.otf"; sourceTree = "<group>"; };
		E3D7D0AE260354E8001EEE65 /* SF-Pro-Display-Light.otf */ = {isa = PBXFileReference; lastKnownFileType = file; path = "SF-Pro-Display-Light.otf"; sourceTree = "<group>"; };
		E3D7D0AF260354E8001EEE65 /* SF-Pro-Display-RegularItalic.otf */ = {isa = PBXFileReference; lastKnownFileType = file; path = "SF-Pro-Display-RegularItalic.otf"; sourceTree = "<group>"; };
		E3D7D0B0260354E8001EEE65 /* SF-Pro-Text-Medium.otf */ = {isa = PBXFileReference; lastKnownFileType = file; path = "SF-Pro-Text-Medium.otf"; sourceTree = "<group>"; };
		E3D7D0B1260354E8001EEE65 /* SF-Pro-Text-Bold.otf */ = {isa = PBXFileReference; lastKnownFileType = file; path = "SF-Pro-Text-Bold.otf"; sourceTree = "<group>"; };
		E3D7D0B2260354E8001EEE65 /* SF-Pro-Text-Ultralight.otf */ = {isa = PBXFileReference; lastKnownFileType = file; path = "SF-Pro-Text-Ultralight.otf"; sourceTree = "<group>"; };
		E3D7D0B3260354E8001EEE65 /* SF-Pro-Text-UltralightItalic.otf */ = {isa = PBXFileReference; lastKnownFileType = file; path = "SF-Pro-Text-UltralightItalic.otf"; sourceTree = "<group>"; };
		E3D7D0B4260354E8001EEE65 /* SF-Pro-Rounded-Heavy.otf */ = {isa = PBXFileReference; lastKnownFileType = file; path = "SF-Pro-Rounded-Heavy.otf"; sourceTree = "<group>"; };
		E3D7D0B5260354E9001EEE65 /* SF-Pro-Display-SemiboldItalic.otf */ = {isa = PBXFileReference; lastKnownFileType = file; path = "SF-Pro-Display-SemiboldItalic.otf"; sourceTree = "<group>"; };
		E3D7D0B6260354E9001EEE65 /* SF-Pro-Display-Black.otf */ = {isa = PBXFileReference; lastKnownFileType = file; path = "SF-Pro-Display-Black.otf"; sourceTree = "<group>"; };
		E3D7D0B7260354E9001EEE65 /* SF-Pro-Display-Regular.otf */ = {isa = PBXFileReference; lastKnownFileType = file; path = "SF-Pro-Display-Regular.otf"; sourceTree = "<group>"; };
		E3D7D0B8260354E9001EEE65 /* SF-Pro-Text-BoldItalic.otf */ = {isa = PBXFileReference; lastKnownFileType = file; path = "SF-Pro-Text-BoldItalic.otf"; sourceTree = "<group>"; };
		E3D7D0E426035CF8001EEE65 /* RCustomClass.swift */ = {isa = PBXFileReference; fileEncoding = 4; lastKnownFileType = sourcecode.swift; path = RCustomClass.swift; sourceTree = "<group>"; };
		E5463E498DB5BF78569E8411 /* Pods-MECA-MECAUITests.debug.xcconfig */ = {isa = PBXFileReference; includeInIndex = 1; lastKnownFileType = text.xcconfig; name = "Pods-MECA-MECAUITests.debug.xcconfig"; path = "Target Support Files/Pods-MECA-MECAUITests/Pods-MECA-MECAUITests.debug.xcconfig"; sourceTree = "<group>"; };
/* End PBXFileReference section */

/* Begin PBXFrameworksBuildPhase section */
		E30F661226033A970036D183 /* Frameworks */ = {
			isa = PBXFrameworksBuildPhase;
			buildActionMask = 2147483647;
			files = (
				4B0D7A140C9D6C13C302EB87 /* Pods_MECA.framework in Frameworks */,
			);
			runOnlyForDeploymentPostprocessing = 0;
		};
		E30F662826033A970036D183 /* Frameworks */ = {
			isa = PBXFrameworksBuildPhase;
			buildActionMask = 2147483647;
			files = (
				F6B3B5C51F2B9AF006B9A25E /* Pods_MECATests.framework in Frameworks */,
			);
			runOnlyForDeploymentPostprocessing = 0;
		};
		E30F663326033A970036D183 /* Frameworks */ = {
			isa = PBXFrameworksBuildPhase;
			buildActionMask = 2147483647;
			files = (
				611821E4844831EC29E202AB /* Pods_MECA_MECAUITests.framework in Frameworks */,
			);
			runOnlyForDeploymentPostprocessing = 0;
		};
/* End PBXFrameworksBuildPhase section */

/* Begin PBXGroup section */
		45D878962F3FEF235403930D /* Pods */ = {
			isa = PBXGroup;
			children = (
				7FE522E2E6FF1631AE49AED2 /* Pods-MECA.debug.xcconfig */,
				D700C3D0B650360B031EF7A4 /* Pods-MECA.release.xcconfig */,
				E5463E498DB5BF78569E8411 /* Pods-MECA-MECAUITests.debug.xcconfig */,
				895ECCCD3FF854C12B9CCDEF /* Pods-MECA-MECAUITests.release.xcconfig */,
				A44EBEB2A27DD029F82D69E3 /* Pods-MECATests.debug.xcconfig */,
				3C544A2E17F0C21D6504ABFF /* Pods-MECATests.release.xcconfig */,
			);
			path = Pods;
			sourceTree = "<group>";
		};
		E3045C302603C4A600D1A678 /* Storyboard */ = {
			isa = PBXGroup;
			children = (
				E30F661E26033A970036D183 /* Main.storyboard */,
				E30F662326033A970036D183 /* LaunchScreen.storyboard */,
				E3045C312603C4BF00D1A678 /* Home.storyboard */,
			);
			path = Storyboard;
			sourceTree = "<group>";
		};
		E3045C362603C90800D1A678 /* View */ = {
			isa = PBXGroup;
			children = (
				E3045C6E2603D85900D1A678 /* HomeTableviewCell */,
				E3045C372603C91500D1A678 /* ViewXib */,
			);
			path = View;
			sourceTree = "<group>";
		};
		E3045C372603C91500D1A678 /* ViewXib */ = {
			isa = PBXGroup;
			children = (
				E3045C382603C91F00D1A678 /* TabBar */,
			);
			path = ViewXib;
			sourceTree = "<group>";
		};
		E3045C382603C91F00D1A678 /* TabBar */ = {
			isa = PBXGroup;
			children = (
				E3045C3C2603C95E00D1A678 /* FooterTabView.swift */,
				E3045C412603C96C00D1A678 /* FooterTabView.xib */,
			);
			path = TabBar;
			sourceTree = "<group>";
		};
		E3045C652603D17B00D1A678 /* ViewController */ = {
			isa = PBXGroup;
			children = (
				E3045C792603DD7E00D1A678 /* HomeVC.swift */,
			);
			path = ViewController;
			sourceTree = "<group>";
		};
		E3045C6E2603D85900D1A678 /* HomeTableviewCell */ = {
			isa = PBXGroup;
			children = (
				E3045C6F2603D87A00D1A678 /* HomeTVCell.swift */,
				E3045C702603D87A00D1A678 /* HomeTVCell.xib */,
			);
			path = HomeTableviewCell;
			sourceTree = "<group>";
		};
		E30F660C26033A970036D183 = {
			isa = PBXGroup;
			children = (
				E30F661726033A970036D183 /* MECA */,
				E30F662E26033A970036D183 /* MECATests */,
				E30F663926033A970036D183 /* MECAUITests */,
				E30F661626033A970036D183 /* Products */,
				45D878962F3FEF235403930D /* Pods */,
				EABE62317FB3B0692D935BD7 /* Frameworks */,
			);
			sourceTree = "<group>";
		};
		E30F661626033A970036D183 /* Products */ = {
			isa = PBXGroup;
			children = (
				E30F661526033A970036D183 /* MECA.app */,
				E30F662B26033A970036D183 /* MECATests.xctest */,
				E30F663626033A970036D183 /* MECAUITests.xctest */,
			);
			name = Products;
			sourceTree = "<group>";
		};
		E30F661726033A970036D183 /* MECA */ = {
			isa = PBXGroup;
			children = (
				E3045C652603D17B00D1A678 /* ViewController */,
				E3045C302603C4A600D1A678 /* Storyboard */,
				E3045C362603C90800D1A678 /* View */,
				E3D7D0E326035CDA001EEE65 /* Helper */,
				E3936BC32603497F006ACF47 /* Resource */,
				E30F661826033A970036D183 /* AppDelegate.swift */,
				E30F661C26033A970036D183 /* ViewController.swift */,
				E30F662126033A970036D183 /* Assets.xcassets */,
				E30F662626033A970036D183 /* Info.plist */,
			);
			path = MECA;
			sourceTree = "<group>";
		};
		E30F662E26033A970036D183 /* MECATests */ = {
			isa = PBXGroup;
			children = (
				E30F662F26033A970036D183 /* MECATests.swift */,
				E30F663126033A970036D183 /* Info.plist */,
			);
			path = MECATests;
			sourceTree = "<group>";
		};
		E30F663926033A970036D183 /* MECAUITests */ = {
			isa = PBXGroup;
			children = (
				E30F663A26033A970036D183 /* MECAUITests.swift */,
				E30F663C26033A970036D183 /* Info.plist */,
			);
			path = MECAUITests;
			sourceTree = "<group>";
		};
		E3936BC32603497F006ACF47 /* Resource */ = {
			isa = PBXGroup;
			children = (
				E3D7D089260354D8001EEE65 /* SF_Fonts */,
			);
			path = Resource;
			sourceTree = "<group>";
		};
		E3D7D089260354D8001EEE65 /* SF_Fonts */ = {
			isa = PBXGroup;
			children = (
				E3D7D0B6260354E9001EEE65 /* SF-Pro-Display-Black.otf */,
				E3D7D09A260354E6001EEE65 /* SF-Pro-Display-BlackItalic.otf */,
				E3D7D090260354E6001EEE65 /* SF-Pro-Display-Bold.otf */,
				E3D7D097260354E6001EEE65 /* SF-Pro-Display-BoldItalic.otf */,
				E3D7D08C260354E5001EEE65 /* SF-Pro-Display-Heavy.otf */,
				E3D7D0AA260354E8001EEE65 /* SF-Pro-Display-HeavyItalic.otf */,
				E3D7D0AE260354E8001EEE65 /* SF-Pro-Display-Light.otf */,
				E3D7D093260354E6001EEE65 /* SF-Pro-Display-LightItalic.otf */,
				E3D7D0A8260354E8001EEE65 /* SF-Pro-Display-Medium.otf */,
				E3D7D0A5260354E7001EEE65 /* SF-Pro-Display-MediumItalic.otf */,
				E3D7D0B7260354E9001EEE65 /* SF-Pro-Display-Regular.otf */,
				E3D7D0AF260354E8001EEE65 /* SF-Pro-Display-RegularItalic.otf */,
				E3D7D098260354E6001EEE65 /* SF-Pro-Display-Semibold.otf */,
				E3D7D0B5260354E9001EEE65 /* SF-Pro-Display-SemiboldItalic.otf */,
				E3D7D08B260354E5001EEE65 /* SF-Pro-Display-Thin.otf */,
				E3D7D096260354E6001EEE65 /* SF-Pro-Display-ThinItalic.otf */,
				E3D7D0A3260354E7001EEE65 /* SF-Pro-Display-Ultralight.otf */,
				E3D7D092260354E6001EEE65 /* SF-Pro-Display-UltralightItalic.otf */,
				E3D7D08D260354E5001EEE65 /* SF-Pro-Italic.ttf */,
				E3D7D094260354E6001EEE65 /* SF-Pro-Rounded-Black.otf */,
				E3D7D08F260354E6001EEE65 /* SF-Pro-Rounded-Bold.otf */,
				E3D7D0B4260354E8001EEE65 /* SF-Pro-Rounded-Heavy.otf */,
				E3D7D0A6260354E7001EEE65 /* SF-Pro-Rounded-Light.otf */,
				E3D7D091260354E6001EEE65 /* SF-Pro-Rounded-Medium.otf */,
				E3D7D099260354E6001EEE65 /* SF-Pro-Rounded-Regular.otf */,
				E3D7D095260354E6001EEE65 /* SF-Pro-Rounded-Semibold.otf */,
				E3D7D0A9260354E8001EEE65 /* SF-Pro-Rounded-Thin.otf */,
				E3D7D0AB260354E8001EEE65 /* SF-Pro-Rounded-Ultralight.otf */,
				E3D7D09B260354E7001EEE65 /* SF-Pro-Text-Black.otf */,
				E3D7D0AC260354E8001EEE65 /* SF-Pro-Text-BlackItalic.otf */,
				E3D7D0B1260354E8001EEE65 /* SF-Pro-Text-Bold.otf */,
				E3D7D0B8260354E9001EEE65 /* SF-Pro-Text-BoldItalic.otf */,
				E3D7D0A2260354E7001EEE65 /* SF-Pro-Text-Heavy.otf */,
				E3D7D08E260354E5001EEE65 /* SF-Pro-Text-HeavyItalic.otf */,
				E3D7D08A260354E5001EEE65 /* SF-Pro-Text-Light.otf */,
				E3D7D0AD260354E8001EEE65 /* SF-Pro-Text-LightItalic.otf */,
				E3D7D0B0260354E8001EEE65 /* SF-Pro-Text-Medium.otf */,
				E3D7D09C260354E7001EEE65 /* SF-Pro-Text-MediumItalic.otf */,
				E3D7D0A1260354E7001EEE65 /* SF-Pro-Text-Regular.otf */,
				E3D7D09D260354E7001EEE65 /* SF-Pro-Text-RegularItalic.otf */,
				E3D7D09E260354E7001EEE65 /* SF-Pro-Text-Semibold.otf */,
				E3D7D0A7260354E7001EEE65 /* SF-Pro-Text-SemiboldItalic.otf */,
				E3D7D0A4260354E7001EEE65 /* SF-Pro-Text-Thin.otf */,
				E3D7D09F260354E7001EEE65 /* SF-Pro-Text-ThinItalic.otf */,
				E3D7D0B2260354E8001EEE65 /* SF-Pro-Text-Ultralight.otf */,
				E3D7D0B3260354E8001EEE65 /* SF-Pro-Text-UltralightItalic.otf */,
				E3D7D0A0260354E7001EEE65 /* SF-Pro.ttf */,
			);
			path = SF_Fonts;
			sourceTree = "<group>";
		};
		E3D7D0E326035CDA001EEE65 /* Helper */ = {
			isa = PBXGroup;
			children = (
				E3D7D0E426035CF8001EEE65 /* RCustomClass.swift */,
			);
			path = Helper;
			sourceTree = "<group>";
		};
		EABE62317FB3B0692D935BD7 /* Frameworks */ = {
			isa = PBXGroup;
			children = (
				3D61B7ED3E7640341B905810 /* Pods_MECA.framework */,
				43CD30254567C339D5B7A431 /* Pods_MECA_MECAUITests.framework */,
				D349929F1D641DA57D095FFC /* Pods_MECATests.framework */,
			);
			name = Frameworks;
			sourceTree = "<group>";
		};
/* End PBXGroup section */

/* Begin PBXNativeTarget section */
		E30F661426033A970036D183 /* MECA */ = {
			isa = PBXNativeTarget;
			buildConfigurationList = E30F663F26033A970036D183 /* Build configuration list for PBXNativeTarget "MECA" */;
			buildPhases = (
				4BB652078432F45F3370EF56 /* [CP] Check Pods Manifest.lock */,
				E30F661126033A970036D183 /* Sources */,
				E30F661226033A970036D183 /* Frameworks */,
				E30F661326033A970036D183 /* Resources */,
				3FB7E1CEB57417F4362CC796 /* [CP] Embed Pods Frameworks */,
			);
			buildRules = (
			);
			dependencies = (
			);
			name = MECA;
			productName = MECA;
			productReference = E30F661526033A970036D183 /* MECA.app */;
			productType = "com.apple.product-type.application";
		};
		E30F662A26033A970036D183 /* MECATests */ = {
			isa = PBXNativeTarget;
			buildConfigurationList = E30F664226033A970036D183 /* Build configuration list for PBXNativeTarget "MECATests" */;
			buildPhases = (
				71F4B1B1C1D07D4BCED4718B /* [CP] Check Pods Manifest.lock */,
				E30F662726033A970036D183 /* Sources */,
				E30F662826033A970036D183 /* Frameworks */,
				E30F662926033A970036D183 /* Resources */,
			);
			buildRules = (
			);
			dependencies = (
				E30F662D26033A970036D183 /* PBXTargetDependency */,
			);
			name = MECATests;
			productName = MECATests;
			productReference = E30F662B26033A970036D183 /* MECATests.xctest */;
			productType = "com.apple.product-type.bundle.unit-test";
		};
		E30F663526033A970036D183 /* MECAUITests */ = {
			isa = PBXNativeTarget;
			buildConfigurationList = E30F664526033A970036D183 /* Build configuration list for PBXNativeTarget "MECAUITests" */;
			buildPhases = (
				CCA13B1BED8415595C6533D2 /* [CP] Check Pods Manifest.lock */,
				E30F663226033A970036D183 /* Sources */,
				E30F663326033A970036D183 /* Frameworks */,
				E30F663426033A970036D183 /* Resources */,
				916334E4F53B85B2AC4F083A /* [CP] Embed Pods Frameworks */,
			);
			buildRules = (
			);
			dependencies = (
				E30F663826033A970036D183 /* PBXTargetDependency */,
			);
			name = MECAUITests;
			productName = MECAUITests;
			productReference = E30F663626033A970036D183 /* MECAUITests.xctest */;
			productType = "com.apple.product-type.bundle.ui-testing";
		};
/* End PBXNativeTarget section */

/* Begin PBXProject section */
		E30F660D26033A970036D183 /* Project object */ = {
			isa = PBXProject;
			attributes = {
				LastSwiftUpdateCheck = 1240;
				LastUpgradeCheck = 1240;
				TargetAttributes = {
					E30F661426033A970036D183 = {
						CreatedOnToolsVersion = 12.4;
					};
					E30F662A26033A970036D183 = {
						CreatedOnToolsVersion = 12.4;
						TestTargetID = E30F661426033A970036D183;
					};
					E30F663526033A970036D183 = {
						CreatedOnToolsVersion = 12.4;
						TestTargetID = E30F661426033A970036D183;
					};
				};
			};
			buildConfigurationList = E30F661026033A970036D183 /* Build configuration list for PBXProject "MECA" */;
			compatibilityVersion = "Xcode 9.3";
			developmentRegion = en;
			hasScannedForEncodings = 0;
			knownRegions = (
				en,
				Base,
			);
			mainGroup = E30F660C26033A970036D183;
			productRefGroup = E30F661626033A970036D183 /* Products */;
			projectDirPath = "";
			projectRoot = "";
			targets = (
				E30F661426033A970036D183 /* MECA */,
				E30F662A26033A970036D183 /* MECATests */,
				E30F663526033A970036D183 /* MECAUITests */,
			);
		};
/* End PBXProject section */

/* Begin PBXResourcesBuildPhase section */
		E30F661326033A970036D183 /* Resources */ = {
			isa = PBXResourcesBuildPhase;
			buildActionMask = 2147483647;
			files = (
				E3045C722603D87A00D1A678 /* HomeTVCell.xib in Resources */,
				E30F662526033A970036D183 /* LaunchScreen.storyboard in Resources */,
				E3045C422603C96C00D1A678 /* FooterTabView.xib in Resources */,
				E30F662226033A970036D183 /* Assets.xcassets in Resources */,
				E30F662026033A970036D183 /* Main.storyboard in Resources */,
				E3045C322603C4BF00D1A678 /* Home.storyboard in Resources */,
			);
			runOnlyForDeploymentPostprocessing = 0;
		};
		E30F662926033A970036D183 /* Resources */ = {
			isa = PBXResourcesBuildPhase;
			buildActionMask = 2147483647;
			files = (
			);
			runOnlyForDeploymentPostprocessing = 0;
		};
		E30F663426033A970036D183 /* Resources */ = {
			isa = PBXResourcesBuildPhase;
			buildActionMask = 2147483647;
			files = (
			);
			runOnlyForDeploymentPostprocessing = 0;
		};
/* End PBXResourcesBuildPhase section */

/* Begin PBXShellScriptBuildPhase section */
		3FB7E1CEB57417F4362CC796 /* [CP] Embed Pods Frameworks */ = {
			isa = PBXShellScriptBuildPhase;
			buildActionMask = 2147483647;
			files = (
			);
			inputFileListPaths = (
				"${PODS_ROOT}/Target Support Files/Pods-MECA/Pods-MECA-frameworks-${CONFIGURATION}-input-files.xcfilelist",
			);
			name = "[CP] Embed Pods Frameworks";
			outputFileListPaths = (
				"${PODS_ROOT}/Target Support Files/Pods-MECA/Pods-MECA-frameworks-${CONFIGURATION}-output-files.xcfilelist",
			);
			runOnlyForDeploymentPostprocessing = 0;
			shellPath = /bin/sh;
			shellScript = "\"${PODS_ROOT}/Target Support Files/Pods-MECA/Pods-MECA-frameworks.sh\"\n";
			showEnvVarsInLog = 0;
		};
		4BB652078432F45F3370EF56 /* [CP] Check Pods Manifest.lock */ = {
			isa = PBXShellScriptBuildPhase;
			buildActionMask = 2147483647;
			files = (
			);
			inputFileListPaths = (
			);
			inputPaths = (
				"${PODS_PODFILE_DIR_PATH}/Podfile.lock",
				"${PODS_ROOT}/Manifest.lock",
			);
			name = "[CP] Check Pods Manifest.lock";
			outputFileListPaths = (
			);
			outputPaths = (
				"$(DERIVED_FILE_DIR)/Pods-MECA-checkManifestLockResult.txt",
			);
			runOnlyForDeploymentPostprocessing = 0;
			shellPath = /bin/sh;
			shellScript = "diff \"${PODS_PODFILE_DIR_PATH}/Podfile.lock\" \"${PODS_ROOT}/Manifest.lock\" > /dev/null\nif [ $? != 0 ] ; then\n    # print error to STDERR\n    echo \"error: The sandbox is not in sync with the Podfile.lock. Run 'pod install' or update your CocoaPods installation.\" >&2\n    exit 1\nfi\n# This output is used by Xcode 'outputs' to avoid re-running this script phase.\necho \"SUCCESS\" > \"${SCRIPT_OUTPUT_FILE_0}\"\n";
			showEnvVarsInLog = 0;
		};
		71F4B1B1C1D07D4BCED4718B /* [CP] Check Pods Manifest.lock */ = {
			isa = PBXShellScriptBuildPhase;
			buildActionMask = 2147483647;
			files = (
			);
			inputFileListPaths = (
			);
			inputPaths = (
				"${PODS_PODFILE_DIR_PATH}/Podfile.lock",
				"${PODS_ROOT}/Manifest.lock",
			);
			name = "[CP] Check Pods Manifest.lock";
			outputFileListPaths = (
			);
			outputPaths = (
				"$(DERIVED_FILE_DIR)/Pods-MECATests-checkManifestLockResult.txt",
			);
			runOnlyForDeploymentPostprocessing = 0;
			shellPath = /bin/sh;
			shellScript = "diff \"${PODS_PODFILE_DIR_PATH}/Podfile.lock\" \"${PODS_ROOT}/Manifest.lock\" > /dev/null\nif [ $? != 0 ] ; then\n    # print error to STDERR\n    echo \"error: The sandbox is not in sync with the Podfile.lock. Run 'pod install' or update your CocoaPods installation.\" >&2\n    exit 1\nfi\n# This output is used by Xcode 'outputs' to avoid re-running this script phase.\necho \"SUCCESS\" > \"${SCRIPT_OUTPUT_FILE_0}\"\n";
			showEnvVarsInLog = 0;
		};
		916334E4F53B85B2AC4F083A /* [CP] Embed Pods Frameworks */ = {
			isa = PBXShellScriptBuildPhase;
			buildActionMask = 2147483647;
			files = (
			);
			inputFileListPaths = (
				"${PODS_ROOT}/Target Support Files/Pods-MECA-MECAUITests/Pods-MECA-MECAUITests-frameworks-${CONFIGURATION}-input-files.xcfilelist",
			);
			name = "[CP] Embed Pods Frameworks";
			outputFileListPaths = (
				"${PODS_ROOT}/Target Support Files/Pods-MECA-MECAUITests/Pods-MECA-MECAUITests-frameworks-${CONFIGURATION}-output-files.xcfilelist",
			);
			runOnlyForDeploymentPostprocessing = 0;
			shellPath = /bin/sh;
			shellScript = "\"${PODS_ROOT}/Target Support Files/Pods-MECA-MECAUITests/Pods-MECA-MECAUITests-frameworks.sh\"\n";
			showEnvVarsInLog = 0;
		};
		CCA13B1BED8415595C6533D2 /* [CP] Check Pods Manifest.lock */ = {
			isa = PBXShellScriptBuildPhase;
			buildActionMask = 2147483647;
			files = (
			);
			inputFileListPaths = (
			);
			inputPaths = (
				"${PODS_PODFILE_DIR_PATH}/Podfile.lock",
				"${PODS_ROOT}/Manifest.lock",
			);
			name = "[CP] Check Pods Manifest.lock";
			outputFileListPaths = (
			);
			outputPaths = (
				"$(DERIVED_FILE_DIR)/Pods-MECA-MECAUITests-checkManifestLockResult.txt",
			);
			runOnlyForDeploymentPostprocessing = 0;
			shellPath = /bin/sh;
			shellScript = "diff \"${PODS_PODFILE_DIR_PATH}/Podfile.lock\" \"${PODS_ROOT}/Manifest.lock\" > /dev/null\nif [ $? != 0 ] ; then\n    # print error to STDERR\n    echo \"error: The sandbox is not in sync with the Podfile.lock. Run 'pod install' or update your CocoaPods installation.\" >&2\n    exit 1\nfi\n# This output is used by Xcode 'outputs' to avoid re-running this script phase.\necho \"SUCCESS\" > \"${SCRIPT_OUTPUT_FILE_0}\"\n";
			showEnvVarsInLog = 0;
		};
/* End PBXShellScriptBuildPhase section */

/* Begin PBXSourcesBuildPhase section */
		E30F661126033A970036D183 /* Sources */ = {
			isa = PBXSourcesBuildPhase;
			buildActionMask = 2147483647;
			files = (
				E30F661D26033A970036D183 /* ViewController.swift in Sources */,
				E30F661926033A970036D183 /* AppDelegate.swift in Sources */,
				E3045C712603D87A00D1A678 /* HomeTVCell.swift in Sources */,
				E3045C7A2603DD7E00D1A678 /* HomeVC.swift in Sources */,
				E3D7D0E526035CF8001EEE65 /* RCustomClass.swift in Sources */,
				E3045C3D2603C95E00D1A678 /* FooterTabView.swift in Sources */,
			);
			runOnlyForDeploymentPostprocessing = 0;
		};
		E30F662726033A970036D183 /* Sources */ = {
			isa = PBXSourcesBuildPhase;
			buildActionMask = 2147483647;
			files = (
				E30F663026033A970036D183 /* MECATests.swift in Sources */,
			);
			runOnlyForDeploymentPostprocessing = 0;
		};
		E30F663226033A970036D183 /* Sources */ = {
			isa = PBXSourcesBuildPhase;
			buildActionMask = 2147483647;
			files = (
				E30F663B26033A970036D183 /* MECAUITests.swift in Sources */,
			);
			runOnlyForDeploymentPostprocessing = 0;
		};
/* End PBXSourcesBuildPhase section */

/* Begin PBXTargetDependency section */
		E30F662D26033A970036D183 /* PBXTargetDependency */ = {
			isa = PBXTargetDependency;
			target = E30F661426033A970036D183 /* MECA */;
			targetProxy = E30F662C26033A970036D183 /* PBXContainerItemProxy */;
		};
		E30F663826033A970036D183 /* PBXTargetDependency */ = {
			isa = PBXTargetDependency;
			target = E30F661426033A970036D183 /* MECA */;
			targetProxy = E30F663726033A970036D183 /* PBXContainerItemProxy */;
		};
/* End PBXTargetDependency section */

/* Begin PBXVariantGroup section */
		E30F661E26033A970036D183 /* Main.storyboard */ = {
			isa = PBXVariantGroup;
			children = (
				E30F661F26033A970036D183 /* Base */,
			);
			name = Main.storyboard;
			sourceTree = "<group>";
		};
		E30F662326033A970036D183 /* LaunchScreen.storyboard */ = {
			isa = PBXVariantGroup;
			children = (
				E30F662426033A970036D183 /* Base */,
			);
			name = LaunchScreen.storyboard;
			sourceTree = "<group>";
		};
/* End PBXVariantGroup section */

/* Begin XCBuildConfiguration section */
		E30F663D26033A970036D183 /* Debug */ = {
			isa = XCBuildConfiguration;
			buildSettings = {
				ALWAYS_SEARCH_USER_PATHS = NO;
				CLANG_ANALYZER_NONNULL = YES;
				CLANG_ANALYZER_NUMBER_OBJECT_CONVERSION = YES_AGGRESSIVE;
				CLANG_CXX_LANGUAGE_STANDARD = "gnu++14";
				CLANG_CXX_LIBRARY = "libc++";
				CLANG_ENABLE_MODULES = YES;
				CLANG_ENABLE_OBJC_ARC = YES;
				CLANG_ENABLE_OBJC_WEAK = YES;
				CLANG_WARN_BLOCK_CAPTURE_AUTORELEASING = YES;
				CLANG_WARN_BOOL_CONVERSION = YES;
				CLANG_WARN_COMMA = YES;
				CLANG_WARN_CONSTANT_CONVERSION = YES;
				CLANG_WARN_DEPRECATED_OBJC_IMPLEMENTATIONS = YES;
				CLANG_WARN_DIRECT_OBJC_ISA_USAGE = YES_ERROR;
				CLANG_WARN_DOCUMENTATION_COMMENTS = YES;
				CLANG_WARN_EMPTY_BODY = YES;
				CLANG_WARN_ENUM_CONVERSION = YES;
				CLANG_WARN_INFINITE_RECURSION = YES;
				CLANG_WARN_INT_CONVERSION = YES;
				CLANG_WARN_NON_LITERAL_NULL_CONVERSION = YES;
				CLANG_WARN_OBJC_IMPLICIT_RETAIN_SELF = YES;
				CLANG_WARN_OBJC_LITERAL_CONVERSION = YES;
				CLANG_WARN_OBJC_ROOT_CLASS = YES_ERROR;
				CLANG_WARN_QUOTED_INCLUDE_IN_FRAMEWORK_HEADER = YES;
				CLANG_WARN_RANGE_LOOP_ANALYSIS = YES;
				CLANG_WARN_STRICT_PROTOTYPES = YES;
				CLANG_WARN_SUSPICIOUS_MOVE = YES;
				CLANG_WARN_UNGUARDED_AVAILABILITY = YES_AGGRESSIVE;
				CLANG_WARN_UNREACHABLE_CODE = YES;
				CLANG_WARN__DUPLICATE_METHOD_MATCH = YES;
				COPY_PHASE_STRIP = NO;
				DEBUG_INFORMATION_FORMAT = dwarf;
				ENABLE_STRICT_OBJC_MSGSEND = YES;
				ENABLE_TESTABILITY = YES;
				GCC_C_LANGUAGE_STANDARD = gnu11;
				GCC_DYNAMIC_NO_PIC = NO;
				GCC_NO_COMMON_BLOCKS = YES;
				GCC_OPTIMIZATION_LEVEL = 0;
				GCC_PREPROCESSOR_DEFINITIONS = (
					"DEBUG=1",
					"$(inherited)",
				);
				GCC_WARN_64_TO_32_BIT_CONVERSION = YES;
				GCC_WARN_ABOUT_RETURN_TYPE = YES_ERROR;
				GCC_WARN_UNDECLARED_SELECTOR = YES;
				GCC_WARN_UNINITIALIZED_AUTOS = YES_AGGRESSIVE;
				GCC_WARN_UNUSED_FUNCTION = YES;
				GCC_WARN_UNUSED_VARIABLE = YES;
				IPHONEOS_DEPLOYMENT_TARGET = 14.4;
				MTL_ENABLE_DEBUG_INFO = INCLUDE_SOURCE;
				MTL_FAST_MATH = YES;
				ONLY_ACTIVE_ARCH = YES;
				SDKROOT = iphoneos;
				SWIFT_ACTIVE_COMPILATION_CONDITIONS = DEBUG;
				SWIFT_OPTIMIZATION_LEVEL = "-Onone";
			};
			name = Debug;
		};
		E30F663E26033A970036D183 /* Release */ = {
			isa = XCBuildConfiguration;
			buildSettings = {
				ALWAYS_SEARCH_USER_PATHS = NO;
				CLANG_ANALYZER_NONNULL = YES;
				CLANG_ANALYZER_NUMBER_OBJECT_CONVERSION = YES_AGGRESSIVE;
				CLANG_CXX_LANGUAGE_STANDARD = "gnu++14";
				CLANG_CXX_LIBRARY = "libc++";
				CLANG_ENABLE_MODULES = YES;
				CLANG_ENABLE_OBJC_ARC = YES;
				CLANG_ENABLE_OBJC_WEAK = YES;
				CLANG_WARN_BLOCK_CAPTURE_AUTORELEASING = YES;
				CLANG_WARN_BOOL_CONVERSION = YES;
				CLANG_WARN_COMMA = YES;
				CLANG_WARN_CONSTANT_CONVERSION = YES;
				CLANG_WARN_DEPRECATED_OBJC_IMPLEMENTATIONS = YES;
				CLANG_WARN_DIRECT_OBJC_ISA_USAGE = YES_ERROR;
				CLANG_WARN_DOCUMENTATION_COMMENTS = YES;
				CLANG_WARN_EMPTY_BODY = YES;
				CLANG_WARN_ENUM_CONVERSION = YES;
				CLANG_WARN_INFINITE_RECURSION = YES;
				CLANG_WARN_INT_CONVERSION = YES;
				CLANG_WARN_NON_LITERAL_NULL_CONVERSION = YES;
				CLANG_WARN_OBJC_IMPLICIT_RETAIN_SELF = YES;
				CLANG_WARN_OBJC_LITERAL_CONVERSION = YES;
				CLANG_WARN_OBJC_ROOT_CLASS = YES_ERROR;
				CLANG_WARN_QUOTED_INCLUDE_IN_FRAMEWORK_HEADER = YES;
				CLANG_WARN_RANGE_LOOP_ANALYSIS = YES;
				CLANG_WARN_STRICT_PROTOTYPES = YES;
				CLANG_WARN_SUSPICIOUS_MOVE = YES;
				CLANG_WARN_UNGUARDED_AVAILABILITY = YES_AGGRESSIVE;
				CLANG_WARN_UNREACHABLE_CODE = YES;
				CLANG_WARN__DUPLICATE_METHOD_MATCH = YES;
				COPY_PHASE_STRIP = NO;
				DEBUG_INFORMATION_FORMAT = "dwarf-with-dsym";
				ENABLE_NS_ASSERTIONS = NO;
				ENABLE_STRICT_OBJC_MSGSEND = YES;
				GCC_C_LANGUAGE_STANDARD = gnu11;
				GCC_NO_COMMON_BLOCKS = YES;
				GCC_WARN_64_TO_32_BIT_CONVERSION = YES;
				GCC_WARN_ABOUT_RETURN_TYPE = YES_ERROR;
				GCC_WARN_UNDECLARED_SELECTOR = YES;
				GCC_WARN_UNINITIALIZED_AUTOS = YES_AGGRESSIVE;
				GCC_WARN_UNUSED_FUNCTION = YES;
				GCC_WARN_UNUSED_VARIABLE = YES;
				IPHONEOS_DEPLOYMENT_TARGET = 14.4;
				MTL_ENABLE_DEBUG_INFO = NO;
				MTL_FAST_MATH = YES;
				SDKROOT = iphoneos;
				SWIFT_COMPILATION_MODE = wholemodule;
				SWIFT_OPTIMIZATION_LEVEL = "-O";
				VALIDATE_PRODUCT = YES;
			};
			name = Release;
		};
		E30F664026033A970036D183 /* Debug */ = {
			isa = XCBuildConfiguration;
			baseConfigurationReference = 7FE522E2E6FF1631AE49AED2 /* Pods-MECA.debug.xcconfig */;
			buildSettings = {
				ASSETCATALOG_COMPILER_APPICON_NAME = AppIcon;
				ASSETCATALOG_COMPILER_GLOBAL_ACCENT_COLOR_NAME = AccentColor;
				CODE_SIGN_STYLE = Automatic;
				INFOPLIST_FILE = MECA/Info.plist;
				LD_RUNPATH_SEARCH_PATHS = (
					"$(inherited)",
					"@executable_path/Frameworks",
				);
				PRODUCT_BUNDLE_IDENTIFIER = ios.com.MECA;
				PRODUCT_NAME = "$(TARGET_NAME)";
				SWIFT_VERSION = 5.0;
				TARGETED_DEVICE_FAMILY = "1,2";
			};
			name = Debug;
		};
		E30F664126033A970036D183 /* Release */ = {
			isa = XCBuildConfiguration;
			baseConfigurationReference = D700C3D0B650360B031EF7A4 /* Pods-MECA.release.xcconfig */;
			buildSettings = {
				ASSETCATALOG_COMPILER_APPICON_NAME = AppIcon;
				ASSETCATALOG_COMPILER_GLOBAL_ACCENT_COLOR_NAME = AccentColor;
				CODE_SIGN_STYLE = Automatic;
				INFOPLIST_FILE = MECA/Info.plist;
				LD_RUNPATH_SEARCH_PATHS = (
					"$(inherited)",
					"@executable_path/Frameworks",
				);
				PRODUCT_BUNDLE_IDENTIFIER = ios.com.MECA;
				PRODUCT_NAME = "$(TARGET_NAME)";
				SWIFT_VERSION = 5.0;
				TARGETED_DEVICE_FAMILY = "1,2";
			};
			name = Release;
		};
		E30F664326033A970036D183 /* Debug */ = {
			isa = XCBuildConfiguration;
			baseConfigurationReference = A44EBEB2A27DD029F82D69E3 /* Pods-MECATests.debug.xcconfig */;
			buildSettings = {
				ALWAYS_EMBED_SWIFT_STANDARD_LIBRARIES = YES;
				BUNDLE_LOADER = "$(TEST_HOST)";
				CODE_SIGN_STYLE = Automatic;
				INFOPLIST_FILE = MECATests/Info.plist;
				IPHONEOS_DEPLOYMENT_TARGET = 14.4;
				LD_RUNPATH_SEARCH_PATHS = (
					"$(inherited)",
					"@executable_path/Frameworks",
					"@loader_path/Frameworks",
				);
				PRODUCT_BUNDLE_IDENTIFIER = ios.com.MECATests;
				PRODUCT_NAME = "$(TARGET_NAME)";
				SWIFT_VERSION = 5.0;
				TARGETED_DEVICE_FAMILY = "1,2";
				TEST_HOST = "$(BUILT_PRODUCTS_DIR)/MECA.app/MECA";
			};
			name = Debug;
		};
		E30F664426033A970036D183 /* Release */ = {
			isa = XCBuildConfiguration;
			baseConfigurationReference = 3C544A2E17F0C21D6504ABFF /* Pods-MECATests.release.xcconfig */;
			buildSettings = {
				ALWAYS_EMBED_SWIFT_STANDARD_LIBRARIES = YES;
				BUNDLE_LOADER = "$(TEST_HOST)";
				CODE_SIGN_STYLE = Automatic;
				INFOPLIST_FILE = MECATests/Info.plist;
				IPHONEOS_DEPLOYMENT_TARGET = 14.4;
				LD_RUNPATH_SEARCH_PATHS = (
					"$(inherited)",
					"@executable_path/Frameworks",
					"@loader_path/Frameworks",
				);
				PRODUCT_BUNDLE_IDENTIFIER = ios.com.MECATests;
				PRODUCT_NAME = "$(TARGET_NAME)";
				SWIFT_VERSION = 5.0;
				TARGETED_DEVICE_FAMILY = "1,2";
				TEST_HOST = "$(BUILT_PRODUCTS_DIR)/MECA.app/MECA";
			};
			name = Release;
		};
		E30F664626033A970036D183 /* Debug */ = {
			isa = XCBuildConfiguration;
			baseConfigurationReference = E5463E498DB5BF78569E8411 /* Pods-MECA-MECAUITests.debug.xcconfig */;
			buildSettings = {
				ALWAYS_EMBED_SWIFT_STANDARD_LIBRARIES = YES;
				CODE_SIGN_STYLE = Automatic;
				INFOPLIST_FILE = MECAUITests/Info.plist;
				LD_RUNPATH_SEARCH_PATHS = (
					"$(inherited)",
					"@executable_path/Frameworks",
					"@loader_path/Frameworks",
				);
				PRODUCT_BUNDLE_IDENTIFIER = ios.com.MECAUITests;
				PRODUCT_NAME = "$(TARGET_NAME)";
				SWIFT_VERSION = 5.0;
				TARGETED_DEVICE_FAMILY = "1,2";
				TEST_TARGET_NAME = MECA;
			};
			name = Debug;
		};
		E30F664726033A970036D183 /* Release */ = {
			isa = XCBuildConfiguration;
			baseConfigurationReference = 895ECCCD3FF854C12B9CCDEF /* Pods-MECA-MECAUITests.release.xcconfig */;
			buildSettings = {
				ALWAYS_EMBED_SWIFT_STANDARD_LIBRARIES = YES;
				CODE_SIGN_STYLE = Automatic;
				INFOPLIST_FILE = MECAUITests/Info.plist;
				LD_RUNPATH_SEARCH_PATHS = (
					"$(inherited)",
					"@executable_path/Frameworks",
					"@loader_path/Frameworks",
				);
				PRODUCT_BUNDLE_IDENTIFIER = ios.com.MECAUITests;
				PRODUCT_NAME = "$(TARGET_NAME)";
				SWIFT_VERSION = 5.0;
				TARGETED_DEVICE_FAMILY = "1,2";
				TEST_TARGET_NAME = MECA;
			};
			name = Release;
		};
/* End XCBuildConfiguration section */

/* Begin XCConfigurationList section */
		E30F661026033A970036D183 /* Build configuration list for PBXProject "MECA" */ = {
			isa = XCConfigurationList;
			buildConfigurations = (
				E30F663D26033A970036D183 /* Debug */,
				E30F663E26033A970036D183 /* Release */,
			);
			defaultConfigurationIsVisible = 0;
			defaultConfigurationName = Release;
		};
		E30F663F26033A970036D183 /* Build configuration list for PBXNativeTarget "MECA" */ = {
			isa = XCConfigurationList;
			buildConfigurations = (
				E30F664026033A970036D183 /* Debug */,
				E30F664126033A970036D183 /* Release */,
			);
			defaultConfigurationIsVisible = 0;
			defaultConfigurationName = Release;
		};
		E30F664226033A970036D183 /* Build configuration list for PBXNativeTarget "MECATests" */ = {
			isa = XCConfigurationList;
			buildConfigurations = (
				E30F664326033A970036D183 /* Debug */,
				E30F664426033A970036D183 /* Release */,
			);
			defaultConfigurationIsVisible = 0;
			defaultConfigurationName = Release;
		};
		E30F664526033A970036D183 /* Build configuration list for PBXNativeTarget "MECAUITests" */ = {
			isa = XCConfigurationList;
			buildConfigurations = (
				E30F664626033A970036D183 /* Debug */,
				E30F664726033A970036D183 /* Release */,
			);
			defaultConfigurationIsVisible = 0;
			defaultConfigurationName = Release;
		};
/* End XCConfigurationList section */
	};
	rootObject = E30F660D26033A970036D183 /* Project object */;
}
