// !$*UTF8*$!
{
	archiveVersion = 1;
	classes = {
	};
	objectVersion = 50;
	objects = {

/* Begin PBXBuildFile section */
		E30F661926033A970036D183 /* AppDelegate.swift in Sources */ = {isa = PBXBuildFile; fileRef = E30F661826033A970036D183 /* AppDelegate.swift */; };
		E30F661B26033A970036D183 /* SceneDelegate.swift in Sources */ = {isa = PBXBuildFile; fileRef = E30F661A26033A970036D183 /* SceneDelegate.swift */; };
		E30F661D26033A970036D183 /* ViewController.swift in Sources */ = {isa = PBXBuildFile; fileRef = E30F661C26033A970036D183 /* ViewController.swift */; };
		E30F662026033A970036D183 /* Main.storyboard in Resources */ = {isa = PBXBuildFile; fileRef = E30F661E26033A970036D183 /* Main.storyboard */; };
		E30F662226033A970036D183 /* Assets.xcassets in Resources */ = {isa = PBXBuildFile; fileRef = E30F662126033A970036D183 /* Assets.xcassets */; };
		E30F662526033A970036D183 /* LaunchScreen.storyboard in Resources */ = {isa = PBXBuildFile; fileRef = E30F662326033A970036D183 /* LaunchScreen.storyboard */; };
		E30F663026033A970036D183 /* MECATests.swift in Sources */ = {isa = PBXBuildFile; fileRef = E30F662F26033A970036D183 /* MECATests.swift */; };
		E30F663B26033A970036D183 /* MECAUITests.swift in Sources */ = {isa = PBXBuildFile; fileRef = E30F663A26033A970036D183 /* MECAUITests.swift */; };
/* End PBXBuildFile section */

/* Begin PBXContainerItemProxy section */
		E30F662C26033A970036D183 /* PBXContainerItemProxy */ = {
			isa = PBXContainerItemProxy;
			containerPortal = E30F660D26033A970036D183 /* Project object */;
			proxyType = 1;
			remoteGlobalIDString = E30F661426033A970036D183;
			remoteInfo = MECA;
		};
		E30F663726033A970036D183 /* PBXContainerItemProxy */ = {
			isa = PBXContainerItemProxy;
			containerPortal = E30F660D26033A970036D183 /* Project object */;
			proxyType = 1;
			remoteGlobalIDString = E30F661426033A970036D183;
			remoteInfo = MECA;
		};
/* End PBXContainerItemProxy section */

/* Begin PBXFileReference section */
		E30F661526033A970036D183 /* MECA.app */ = {isa = PBXFileReference; explicitFileType = wrapper.application; includeInIndex = 0; path = MECA.app; sourceTree = BUILT_PRODUCTS_DIR; };
		E30F661826033A970036D183 /* AppDelegate.swift */ = {isa = PBXFileReference; lastKnownFileType = sourcecode.swift; path = AppDelegate.swift; sourceTree = "<group>"; };
		E30F661A26033A970036D183 /* SceneDelegate.swift */ = {isa = PBXFileReference; lastKnownFileType = sourcecode.swift; path = SceneDelegate.swift; sourceTree = "<group>"; };
		E30F661C26033A970036D183 /* ViewController.swift */ = {isa = PBXFileReference; lastKnownFileType = sourcecode.swift; path = ViewController.swift; sourceTree = "<group>"; };
		E30F661F26033A970036D183 /* Base */ = {isa = PBXFileReference; lastKnownFileType = file.storyboard; name = Base; path = Base.lproj/Main.storyboard; sourceTree = "<group>"; };
		E30F662126033A970036D183 /* Assets.xcassets */ = {isa = PBXFileReference; lastKnownFileType = folder.assetcatalog; path = Assets.xcassets; sourceTree = "<group>"; };
		E30F662426033A970036D183 /* Base */ = {isa = PBXFileReference; lastKnownFileType = file.storyboard; name = Base; path = Base.lproj/LaunchScreen.storyboard; sourceTree = "<group>"; };
		E30F662626033A970036D183 /* Info.plist */ = {isa = PBXFileReference; lastKnownFileType = text.plist.xml; path = Info.plist; sourceTree = "<group>"; };
		E30F662B26033A970036D183 /* MECATests.xctest */ = {isa = PBXFileReference; explicitFileType = wrapper.cfbundle; includeInIndex = 0; path = MECATests.xctest; sourceTree = BUILT_PRODUCTS_DIR; };
		E30F662F26033A970036D183 /* MECATests.swift */ = {isa = PBXFileReference; lastKnownFileType = sourcecode.swift; path = MECATests.swift; sourceTree = "<group>"; };
		E30F663126033A970036D183 /* Info.plist */ = {isa = PBXFileReference; lastKnownFileType = text.plist.xml; path = Info.plist; sourceTree = "<group>"; };
		E30F663626033A970036D183 /* MECAUITests.xctest */ = {isa = PBXFileReference; explicitFileType = wrapper.cfbundle; includeInIndex = 0; path = MECAUITests.xctest; sourceTree = BUILT_PRODUCTS_DIR; };
		E30F663A26033A970036D183 /* MECAUITests.swift */ = {isa = PBXFileReference; lastKnownFileType = sourcecode.swift; path = MECAUITests.swift; sourceTree = "<group>"; };
		E30F663C26033A970036D183 /* Info.plist */ = {isa = PBXFileReference; lastKnownFileType = text.plist.xml; path = Info.plist; sourceTree = "<group>"; };
/* End PBXFileReference section */

/* Begin PBXFrameworksBuildPhase section */
		E30F661226033A970036D183 /* Frameworks */ = {
			isa = PBXFrameworksBuildPhase;
			buildActionMask = 2147483647;
			files = (
			);
			runOnlyForDeploymentPostprocessing = 0;
		};
		E30F662826033A970036D183 /* Frameworks */ = {
			isa = PBXFrameworksBuildPhase;
			buildActionMask = 2147483647;
			files = (
			);
			runOnlyForDeploymentPostprocessing = 0;
		};
		E30F663326033A970036D183 /* Frameworks */ = {
			isa = PBXFrameworksBuildPhase;
			buildActionMask = 2147483647;
			files = (
			);
			runOnlyForDeploymentPostprocessing = 0;
		};
/* End PBXFrameworksBuildPhase section */

/* Begin PBXGroup section */
		E30F660C26033A970036D183 = {
			isa = PBXGroup;
			children = (
				E30F661726033A970036D183 /* MECA */,
				E30F662E26033A970036D183 /* MECATests */,
				E30F663926033A970036D183 /* MECAUITests */,
				E30F661626033A970036D183 /* Products */,
			);
			sourceTree = "<group>";
		};
		E30F661626033A970036D183 /* Products */ = {
			isa = PBXGroup;
			children = (
				E30F661526033A970036D183 /* MECA.app */,
				E30F662B26033A970036D183 /* MECATests.xctest */,
				E30F663626033A970036D183 /* MECAUITests.xctest */,
			);
			name = Products;
			sourceTree = "<group>";
		};
		E30F661726033A970036D183 /* MECA */ = {
			isa = PBXGroup;
			children = (
				E30F661826033A970036D183 /* AppDelegate.swift */,
				E30F661A26033A970036D183 /* SceneDelegate.swift */,
				E30F661C26033A970036D183 /* ViewController.swift */,
				E30F661E26033A970036D183 /* Main.storyboard */,
				E30F662126033A970036D183 /* Assets.xcassets */,
				E30F662326033A970036D183 /* LaunchScreen.storyboard */,
				E30F662626033A970036D183 /* Info.plist */,
			);
			path = MECA;
			sourceTree = "<group>";
		};
		E30F662E26033A970036D183 /* MECATests */ = {
			isa = PBXGroup;
			children = (
				E30F662F26033A970036D183 /* MECATests.swift */,
				E30F663126033A970036D183 /* Info.plist */,
			);
			path = MECATests;
			sourceTree = "<group>";
		};
		E30F663926033A970036D183 /* MECAUITests */ = {
			isa = PBXGroup;
			children = (
				E30F663A26033A970036D183 /* MECAUITests.swift */,
				E30F663C26033A970036D183 /* Info.plist */,
			);
			path = MECAUITests;
			sourceTree = "<group>";
		};
/* End PBXGroup section */

/* Begin PBXNativeTarget section */
		E30F661426033A970036D183 /* MECA */ = {
			isa = PBXNativeTarget;
			buildConfigurationList = E30F663F26033A970036D183 /* Build configuration list for PBXNativeTarget "MECA" */;
			buildPhases = (
				E30F661126033A970036D183 /* Sources */,
				E30F661226033A970036D183 /* Frameworks */,
				E30F661326033A970036D183 /* Resources */,
			);
			buildRules = (
			);
			dependencies = (
			);
			name = MECA;
			productName = MECA;
			productReference = E30F661526033A970036D183 /* MECA.app */;
			productType = "com.apple.product-type.application";
		};
		E30F662A26033A970036D183 /* MECATests */ = {
			isa = PBXNativeTarget;
			buildConfigurationList = E30F664226033A970036D183 /* Build configuration list for PBXNativeTarget "MECATests" */;
			buildPhases = (
				E30F662726033A970036D183 /* Sources */,
				E30F662826033A970036D183 /* Frameworks */,
				E30F662926033A970036D183 /* Resources */,
			);
			buildRules = (
			);
			dependencies = (
				E30F662D26033A970036D183 /* PBXTargetDependency */,
			);
			name = MECATests;
			productName = MECATests;
			productReference = E30F662B26033A970036D183 /* MECATests.xctest */;
			productType = "com.apple.product-type.bundle.unit-test";
		};
		E30F663526033A970036D183 /* MECAUITests */ = {
			isa = PBXNativeTarget;
			buildConfigurationList = E30F664526033A970036D183 /* Build configuration list for PBXNativeTarget "MECAUITests" */;
			buildPhases = (
				E30F663226033A970036D183 /* Sources */,
				E30F663326033A970036D183 /* Frameworks */,
				E30F663426033A970036D183 /* Resources */,
			);
			buildRules = (
			);
			dependencies = (
				E30F663826033A970036D183 /* PBXTargetDependency */,
			);
			name = MECAUITests;
			productName = MECAUITests;
			productReference = E30F663626033A970036D183 /* MECAUITests.xctest */;
			productType = "com.apple.product-type.bundle.ui-testing";
		};
/* End PBXNativeTarget section */

/* Begin PBXProject section */
		E30F660D26033A970036D183 /* Project object */ = {
			isa = PBXProject;
			attributes = {
				LastSwiftUpdateCheck = 1240;
				LastUpgradeCheck = 1240;
				TargetAttributes = {
					E30F661426033A970036D183 = {
						CreatedOnToolsVersion = 12.4;
					};
					E30F662A26033A970036D183 = {
						CreatedOnToolsVersion = 12.4;
						TestTargetID = E30F661426033A970036D183;
					};
					E30F663526033A970036D183 = {
						CreatedOnToolsVersion = 12.4;
						TestTargetID = E30F661426033A970036D183;
					};
				};
			};
			buildConfigurationList = E30F661026033A970036D183 /* Build configuration list for PBXProject "MECA" */;
			compatibilityVersion = "Xcode 9.3";
			developmentRegion = en;
			hasScannedForEncodings = 0;
			knownRegions = (
				en,
				Base,
			);
			mainGroup = E30F660C26033A970036D183;
			productRefGroup = E30F661626033A970036D183 /* Products */;
			projectDirPath = "";
			projectRoot = "";
			targets = (
				E30F661426033A970036D183 /* MECA */,
				E30F662A26033A970036D183 /* MECATests */,
				E30F663526033A970036D183 /* MECAUITests */,
			);
		};
/* End PBXProject section */

/* Begin PBXResourcesBuildPhase section */
		E30F661326033A970036D183 /* Resources */ = {
			isa = PBXResourcesBuildPhase;
			buildActionMask = 2147483647;
			files = (
				E30F662526033A970036D183 /* LaunchScreen.storyboard in Resources */,
				E30F662226033A970036D183 /* Assets.xcassets in Resources */,
				E30F662026033A970036D183 /* Main.storyboard in Resources */,
			);
			runOnlyForDeploymentPostprocessing = 0;
		};
		E30F662926033A970036D183 /* Resources */ = {
			isa = PBXResourcesBuildPhase;
			buildActionMask = 2147483647;
			files = (
			);
			runOnlyForDeploymentPostprocessing = 0;
		};
		E30F663426033A970036D183 /* Resources */ = {
			isa = PBXResourcesBuildPhase;
			buildActionMask = 2147483647;
			files = (
			);
			runOnlyForDeploymentPostprocessing = 0;
		};
/* End PBXResourcesBuildPhase section */

/* Begin PBXSourcesBuildPhase section */
		E30F661126033A970036D183 /* Sources */ = {
			isa = PBXSourcesBuildPhase;
			buildActionMask = 2147483647;
			files = (
				E30F661D26033A970036D183 /* ViewController.swift in Sources */,
				E30F661926033A970036D183 /* AppDelegate.swift in Sources */,
				E30F661B26033A970036D183 /* SceneDelegate.swift in Sources */,
			);
			runOnlyForDeploymentPostprocessing = 0;
		};
		E30F662726033A970036D183 /* Sources */ = {
			isa = PBXSourcesBuildPhase;
			buildActionMask = 2147483647;
			files = (
				E30F663026033A970036D183 /* MECATests.swift in Sources */,
			);
			runOnlyForDeploymentPostprocessing = 0;
		};
		E30F663226033A970036D183 /* Sources */ = {
			isa = PBXSourcesBuildPhase;
			buildActionMask = 2147483647;
			files = (
				E30F663B26033A970036D183 /* MECAUITests.swift in Sources */,
			);
			runOnlyForDeploymentPostprocessing = 0;
		};
/* End PBXSourcesBuildPhase section */

/* Begin PBXTargetDependency section */
		E30F662D26033A970036D183 /* PBXTargetDependency */ = {
			isa = PBXTargetDependency;
			target = E30F661426033A970036D183 /* MECA */;
			targetProxy = E30F662C26033A970036D183 /* PBXContainerItemProxy */;
		};
		E30F663826033A970036D183 /* PBXTargetDependency */ = {
			isa = PBXTargetDependency;
			target = E30F661426033A970036D183 /* MECA */;
			targetProxy = E30F663726033A970036D183 /* PBXContainerItemProxy */;
		};
/* End PBXTargetDependency section */

/* Begin PBXVariantGroup section */
		E30F661E26033A970036D183 /* Main.storyboard */ = {
			isa = PBXVariantGroup;
			children = (
				E30F661F26033A970036D183 /* Base */,
			);
			name = Main.storyboard;
			sourceTree = "<group>";
		};
		E30F662326033A970036D183 /* LaunchScreen.storyboard */ = {
			isa = PBXVariantGroup;
			children = (
				E30F662426033A970036D183 /* Base */,
			);
			name = LaunchScreen.storyboard;
			sourceTree = "<group>";
		};
/* End PBXVariantGroup section */

/* Begin XCBuildConfiguration section */
		E30F663D26033A970036D183 /* Debug */ = {
			isa = XCBuildConfiguration;
			buildSettings = {
				ALWAYS_SEARCH_USER_PATHS = NO;
				CLANG_ANALYZER_NONNULL = YES;
				CLANG_ANALYZER_NUMBER_OBJECT_CONVERSION = YES_AGGRESSIVE;
				CLANG_CXX_LANGUAGE_STANDARD = "gnu++14";
				CLANG_CXX_LIBRARY = "libc++";
				CLANG_ENABLE_MODULES = YES;
				CLANG_ENABLE_OBJC_ARC = YES;
				CLANG_ENABLE_OBJC_WEAK = YES;
				CLANG_WARN_BLOCK_CAPTURE_AUTORELEASING = YES;
				CLANG_WARN_BOOL_CONVERSION = YES;
				CLANG_WARN_COMMA = YES;
				CLANG_WARN_CONSTANT_CONVERSION = YES;
				CLANG_WARN_DEPRECATED_OBJC_IMPLEMENTATIONS = YES;
				CLANG_WARN_DIRECT_OBJC_ISA_USAGE = YES_ERROR;
				CLANG_WARN_DOCUMENTATION_COMMENTS = YES;
				CLANG_WARN_EMPTY_BODY = YES;
				CLANG_WARN_ENUM_CONVERSION = YES;
				CLANG_WARN_INFINITE_RECURSION = YES;
				CLANG_WARN_INT_CONVERSION = YES;
				CLANG_WARN_NON_LITERAL_NULL_CONVERSION = YES;
				CLANG_WARN_OBJC_IMPLICIT_RETAIN_SELF = YES;
				CLANG_WARN_OBJC_LITERAL_CONVERSION = YES;
				CLANG_WARN_OBJC_ROOT_CLASS = YES_ERROR;
				CLANG_WARN_QUOTED_INCLUDE_IN_FRAMEWORK_HEADER = YES;
				CLANG_WARN_RANGE_LOOP_ANALYSIS = YES;
				CLANG_WARN_STRICT_PROTOTYPES = YES;
				CLANG_WARN_SUSPICIOUS_MOVE = YES;
				CLANG_WARN_UNGUARDED_AVAILABILITY = YES_AGGRESSIVE;
				CLANG_WARN_UNREACHABLE_CODE = YES;
				CLANG_WARN__DUPLICATE_METHOD_MATCH = YES;
				COPY_PHASE_STRIP = NO;
				DEBUG_INFORMATION_FORMAT = dwarf;
				ENABLE_STRICT_OBJC_MSGSEND = YES;
				ENABLE_TESTABILITY = YES;
				GCC_C_LANGUAGE_STANDARD = gnu11;
				GCC_DYNAMIC_NO_PIC = NO;
				GCC_NO_COMMON_BLOCKS = YES;
				GCC_OPTIMIZATION_LEVEL = 0;
				GCC_PREPROCESSOR_DEFINITIONS = (
					"DEBUG=1",
					"$(inherited)",
				);
				GCC_WARN_64_TO_32_BIT_CONVERSION = YES;
				GCC_WARN_ABOUT_RETURN_TYPE = YES_ERROR;
				GCC_WARN_UNDECLARED_SELECTOR = YES;
				GCC_WARN_UNINITIALIZED_AUTOS = YES_AGGRESSIVE;
				GCC_WARN_UNUSED_FUNCTION = YES;
				GCC_WARN_UNUSED_VARIABLE = YES;
				IPHONEOS_DEPLOYMENT_TARGET = 14.4;
				MTL_ENABLE_DEBUG_INFO = INCLUDE_SOURCE;
				MTL_FAST_MATH = YES;
				ONLY_ACTIVE_ARCH = YES;
				SDKROOT = iphoneos;
				SWIFT_ACTIVE_COMPILATION_CONDITIONS = DEBUG;
				SWIFT_OPTIMIZATION_LEVEL = "-Onone";
			};
			name = Debug;
		};
		E30F663E26033A970036D183 /* Release */ = {
			isa = XCBuildConfiguration;
			buildSettings = {
				ALWAYS_SEARCH_USER_PATHS = NO;
				CLANG_ANALYZER_NONNULL = YES;
				CLANG_ANALYZER_NUMBER_OBJECT_CONVERSION = YES_AGGRESSIVE;
				CLANG_CXX_LANGUAGE_STANDARD = "gnu++14";
				CLANG_CXX_LIBRARY = "libc++";
				CLANG_ENABLE_MODULES = YES;
				CLANG_ENABLE_OBJC_ARC = YES;
				CLANG_ENABLE_OBJC_WEAK = YES;
				CLANG_WARN_BLOCK_CAPTURE_AUTORELEASING = YES;
				CLANG_WARN_BOOL_CONVERSION = YES;
				CLANG_WARN_COMMA = YES;
				CLANG_WARN_CONSTANT_CONVERSION = YES;
				CLANG_WARN_DEPRECATED_OBJC_IMPLEMENTATIONS = YES;
				CLANG_WARN_DIRECT_OBJC_ISA_USAGE = YES_ERROR;
				CLANG_WARN_DOCUMENTATION_COMMENTS = YES;
				CLANG_WARN_EMPTY_BODY = YES;
				CLANG_WARN_ENUM_CONVERSION = YES;
				CLANG_WARN_INFINITE_RECURSION = YES;
				CLANG_WARN_INT_CONVERSION = YES;
				CLANG_WARN_NON_LITERAL_NULL_CONVERSION = YES;
				CLANG_WARN_OBJC_IMPLICIT_RETAIN_SELF = YES;
				CLANG_WARN_OBJC_LITERAL_CONVERSION = YES;
				CLANG_WARN_OBJC_ROOT_CLASS = YES_ERROR;
				CLANG_WARN_QUOTED_INCLUDE_IN_FRAMEWORK_HEADER = YES;
				CLANG_WARN_RANGE_LOOP_ANALYSIS = YES;
				CLANG_WARN_STRICT_PROTOTYPES = YES;
				CLANG_WARN_SUSPICIOUS_MOVE = YES;
				CLANG_WARN_UNGUARDED_AVAILABILITY = YES_AGGRESSIVE;
				CLANG_WARN_UNREACHABLE_CODE = YES;
				CLANG_WARN__DUPLICATE_METHOD_MATCH = YES;
				COPY_PHASE_STRIP = NO;
				DEBUG_INFORMATION_FORMAT = "dwarf-with-dsym";
				ENABLE_NS_ASSERTIONS = NO;
				ENABLE_STRICT_OBJC_MSGSEND = YES;
				GCC_C_LANGUAGE_STANDARD = gnu11;
				GCC_NO_COMMON_BLOCKS = YES;
				GCC_WARN_64_TO_32_BIT_CONVERSION = YES;
				GCC_WARN_ABOUT_RETURN_TYPE = YES_ERROR;
				GCC_WARN_UNDECLARED_SELECTOR = YES;
				GCC_WARN_UNINITIALIZED_AUTOS = YES_AGGRESSIVE;
				GCC_WARN_UNUSED_FUNCTION = YES;
				GCC_WARN_UNUSED_VARIABLE = YES;
				IPHONEOS_DEPLOYMENT_TARGET = 14.4;
				MTL_ENABLE_DEBUG_INFO = NO;
				MTL_FAST_MATH = YES;
				SDKROOT = iphoneos;
				SWIFT_COMPILATION_MODE = wholemodule;
				SWIFT_OPTIMIZATION_LEVEL = "-O";
				VALIDATE_PRODUCT = YES;
			};
			name = Release;
		};
		E30F664026033A970036D183 /* Debug */ = {
			isa = XCBuildConfiguration;
			buildSettings = {
				ASSETCATALOG_COMPILER_APPICON_NAME = AppIcon;
				ASSETCATALOG_COMPILER_GLOBAL_ACCENT_COLOR_NAME = AccentColor;
				CODE_SIGN_STYLE = Automatic;
				INFOPLIST_FILE = MECA/Info.plist;
				LD_RUNPATH_SEARCH_PATHS = (
					"$(inherited)",
					"@executable_path/Frameworks",
				);
				PRODUCT_BUNDLE_IDENTIFIER = ios.com.MECA;
				PRODUCT_NAME = "$(TARGET_NAME)";
				SWIFT_VERSION = 5.0;
				TARGETED_DEVICE_FAMILY = "1,2";
			};
			name = Debug;
		};
		E30F664126033A970036D183 /* Release */ = {
			isa = XCBuildConfiguration;
			buildSettings = {
				ASSETCATALOG_COMPILER_APPICON_NAME = AppIcon;
				ASSETCATALOG_COMPILER_GLOBAL_ACCENT_COLOR_NAME = AccentColor;
				CODE_SIGN_STYLE = Automatic;
				INFOPLIST_FILE = MECA/Info.plist;
				LD_RUNPATH_SEARCH_PATHS = (
					"$(inherited)",
					"@executable_path/Frameworks",
				);
				PRODUCT_BUNDLE_IDENTIFIER = ios.com.MECA;
				PRODUCT_NAME = "$(TARGET_NAME)";
				SWIFT_VERSION = 5.0;
				TARGETED_DEVICE_FAMILY = "1,2";
			};
			name = Release;
		};
		E30F664326033A970036D183 /* Debug */ = {
			isa = XCBuildConfiguration;
			buildSettings = {
				ALWAYS_EMBED_SWIFT_STANDARD_LIBRARIES = YES;
				BUNDLE_LOADER = "$(TEST_HOST)";
				CODE_SIGN_STYLE = Automatic;
				INFOPLIST_FILE = MECATests/Info.plist;
				IPHONEOS_DEPLOYMENT_TARGET = 14.4;
				LD_RUNPATH_SEARCH_PATHS = (
					"$(inherited)",
					"@executable_path/Frameworks",
					"@loader_path/Frameworks",
				);
				PRODUCT_BUNDLE_IDENTIFIER = ios.com.MECATests;
				PRODUCT_NAME = "$(TARGET_NAME)";
				SWIFT_VERSION = 5.0;
				TARGETED_DEVICE_FAMILY = "1,2";
				TEST_HOST = "$(BUILT_PRODUCTS_DIR)/MECA.app/MECA";
			};
			name = Debug;
		};
		E30F664426033A970036D183 /* Release */ = {
			isa = XCBuildConfiguration;
			buildSettings = {
				ALWAYS_EMBED_SWIFT_STANDARD_LIBRARIES = YES;
				BUNDLE_LOADER = "$(TEST_HOST)";
				CODE_SIGN_STYLE = Automatic;
				INFOPLIST_FILE = MECATests/Info.plist;
				IPHONEOS_DEPLOYMENT_TARGET = 14.4;
				LD_RUNPATH_SEARCH_PATHS = (
					"$(inherited)",
					"@executable_path/Frameworks",
					"@loader_path/Frameworks",
				);
				PRODUCT_BUNDLE_IDENTIFIER = ios.com.MECATests;
				PRODUCT_NAME = "$(TARGET_NAME)";
				SWIFT_VERSION = 5.0;
				TARGETED_DEVICE_FAMILY = "1,2";
				TEST_HOST = "$(BUILT_PRODUCTS_DIR)/MECA.app/MECA";
			};
			name = Release;
		};
		E30F664626033A970036D183 /* Debug */ = {
			isa = XCBuildConfiguration;
			buildSettings = {
				ALWAYS_EMBED_SWIFT_STANDARD_LIBRARIES = YES;
				CODE_SIGN_STYLE = Automatic;
				INFOPLIST_FILE = MECAUITests/Info.plist;
				LD_RUNPATH_SEARCH_PATHS = (
					"$(inherited)",
					"@executable_path/Frameworks",
					"@loader_path/Frameworks",
				);
				PRODUCT_BUNDLE_IDENTIFIER = ios.com.MECAUITests;
				PRODUCT_NAME = "$(TARGET_NAME)";
				SWIFT_VERSION = 5.0;
				TARGETED_DEVICE_FAMILY = "1,2";
				TEST_TARGET_NAME = MECA;
			};
			name = Debug;
		};
		E30F664726033A970036D183 /* Release */ = {
			isa = XCBuildConfiguration;
			buildSettings = {
				ALWAYS_EMBED_SWIFT_STANDARD_LIBRARIES = YES;
				CODE_SIGN_STYLE = Automatic;
				INFOPLIST_FILE = MECAUITests/Info.plist;
				LD_RUNPATH_SEARCH_PATHS = (
					"$(inherited)",
					"@executable_path/Frameworks",
					"@loader_path/Frameworks",
				);
				PRODUCT_BUNDLE_IDENTIFIER = ios.com.MECAUITests;
				PRODUCT_NAME = "$(TARGET_NAME)";
				SWIFT_VERSION = 5.0;
				TARGETED_DEVICE_FAMILY = "1,2";
				TEST_TARGET_NAME = MECA;
			};
			name = Release;
		};
/* End XCBuildConfiguration section */

/* Begin XCConfigurationList section */
		E30F661026033A970036D183 /* Build configuration list for PBXProject "MECA" */ = {
			isa = XCConfigurationList;
			buildConfigurations = (
				E30F663D26033A970036D183 /* Debug */,
				E30F663E26033A970036D183 /* Release */,
			);
			defaultConfigurationIsVisible = 0;
			defaultConfigurationName = Release;
		};
		E30F663F26033A970036D183 /* Build configuration list for PBXNativeTarget "MECA" */ = {
			isa = XCConfigurationList;
			buildConfigurations = (
				E30F664026033A970036D183 /* Debug */,
				E30F664126033A970036D183 /* Release */,
			);
			defaultConfigurationIsVisible = 0;
			defaultConfigurationName = Release;
		};
		E30F664226033A970036D183 /* Build configuration list for PBXNativeTarget "MECATests" */ = {
			isa = XCConfigurationList;
			buildConfigurations = (
				E30F664326033A970036D183 /* Debug */,
				E30F664426033A970036D183 /* Release */,
			);
			defaultConfigurationIsVisible = 0;
			defaultConfigurationName = Release;
		};
		E30F664526033A970036D183 /* Build configuration list for PBXNativeTarget "MECAUITests" */ = {
			isa = XCConfigurationList;
			buildConfigurations = (
				E30F664626033A970036D183 /* Debug */,
				E30F664726033A970036D183 /* Release */,
			);
			defaultConfigurationIsVisible = 0;
			defaultConfigurationName = Release;
		};
/* End XCConfigurationList section */
	};
	rootObject = E30F660D26033A970036D183 /* Project object */;
}
